
Microsoft Visual Studio Solution File, Format Version 12.00
# Visual Studio Version 17
VisualStudioVersion = 17.10.35013.160
MinimumVisualStudioVersion = 10.0.40219.1
Project("{FAE04EC0-301F-11D3-BF4B-00C04F79EFBC}") = "FoodBlazor", "FoodBlazor\FoodBlazor.csproj", "{4F24697D-A7C9-4570-A8A0-0F91F4780598}"
EndProject
Global
	GlobalSection(SolutionConfigurationPlatforms) = preSolution
		Debug|Any CPU = Debug|Any CPU
		Release|Any CPU = Release|Any CPU
	EndGlobalSection
	GlobalSection(ProjectConfigurationPlatforms) = postSolution
		{4F24697D-A7C9-4570-A8A0-0F91F4780598}.Debug|Any CPU.ActiveCfg = Debug|Any CPU
		{4F24697D-A7C9-4570-A8A0-0F91F4780598}.Debug|Any CPU.Build.0 = Debug|Any CPU
		{4F24697D-A7C9-4570-A8A0-0F91F4780598}.Release|Any CPU.ActiveCfg = Release|Any CPU
		{4F24697D-A7C9-4570-A8A0-0F91F4780598}.Release|Any CPU.Build.0 = Release|Any CPU
	EndGlobalSection
	GlobalSection(SolutionProperties) = preSolution
		HideSolutionNode = FALSE
	EndGlobalSection
	GlobalSection(ExtensibilityGlobals) = postSolution
		SolutionGuid = {B30165F4-B2C7-4392-80CE-10E851FD7D00}
	EndGlobalSection
EndGlobal
